
Microsoft Visual Studio Solution File, Format Version 12.00
# Visual Studio Version 17
VisualStudioVersion = 17.6.33815.320
MinimumVisualStudioVersion = 10.0.40219.1
Project("{9A19103F-16F7-4668-BE54-9A1E7A4F7556}") = "Spotify.Domain", "Spotify.Domain\Spotify.Domain.csproj", "{268B8A1D-1B9D-4DE9-BB3C-1640F58A62FA}"
EndProject
Project("{9A19103F-16F7-4668-BE54-9A1E7A4F7556}") = "Spotify.Repository", "Spotify.Repository\Spotify.Repository.csproj", "{D3887C33-F596-4BE0-B48B-78CF5D1A85DD}"
EndProject
Project("{FAE04EC0-301F-11D3-BF4B-00C04F79EFBC}") = "Spotify.Tests", "Spotify.Tests\Spotify.Tests.csproj", "{9555EE41-80DC-468B-9486-A01BC6BAFB69}"
EndProject
Project("{FAE04EC0-301F-11D3-BF4B-00C04F79EFBC}") = "Spotify.Api", "Spotify.Api\Spotify.Api.csproj", "{F085EA0D-CEE1-4974-AB5B-F4CA0E77172B}"
EndProject
Project("{FAE04EC0-301F-11D3-BF4B-00C04F79EFBC}") = "Spotify.Application", "Spotify.Application\Spotify.Application.csproj", "{1F128CFE-7250-496D-8538-B1D16D0EEC11}"
EndProject
Global
	GlobalSection(SolutionConfigurationPlatforms) = preSolution
		Debug|Any CPU = Debug|Any CPU
		Release|Any CPU = Release|Any CPU
	EndGlobalSection
	GlobalSection(ProjectConfigurationPlatforms) = postSolution
		{268B8A1D-1B9D-4DE9-BB3C-1640F58A62FA}.Debug|Any CPU.ActiveCfg = Debug|Any CPU
		{268B8A1D-1B9D-4DE9-BB3C-1640F58A62FA}.Debug|Any CPU.Build.0 = Debug|Any CPU
		{268B8A1D-1B9D-4DE9-BB3C-1640F58A62FA}.Release|Any CPU.ActiveCfg = Release|Any CPU
		{268B8A1D-1B9D-4DE9-BB3C-1640F58A62FA}.Release|Any CPU.Build.0 = Release|Any CPU
		{D3887C33-F596-4BE0-B48B-78CF5D1A85DD}.Debug|Any CPU.ActiveCfg = Debug|Any CPU
		{D3887C33-F596-4BE0-B48B-78CF5D1A85DD}.Debug|Any CPU.Build.0 = Debug|Any CPU
		{D3887C33-F596-4BE0-B48B-78CF5D1A85DD}.Release|Any CPU.ActiveCfg = Release|Any CPU
		{D3887C33-F596-4BE0-B48B-78CF5D1A85DD}.Release|Any CPU.Build.0 = Release|Any CPU
		{9555EE41-80DC-468B-9486-A01BC6BAFB69}.Debug|Any CPU.ActiveCfg = Debug|Any CPU
		{9555EE41-80DC-468B-9486-A01BC6BAFB69}.Debug|Any CPU.Build.0 = Debug|Any CPU
		{9555EE41-80DC-468B-9486-A01BC6BAFB69}.Release|Any CPU.ActiveCfg = Release|Any CPU
		{9555EE41-80DC-468B-9486-A01BC6BAFB69}.Release|Any CPU.Build.0 = Release|Any CPU
		{F085EA0D-CEE1-4974-AB5B-F4CA0E77172B}.Debug|Any CPU.ActiveCfg = Debug|Any CPU
		{F085EA0D-CEE1-4974-AB5B-F4CA0E77172B}.Debug|Any CPU.Build.0 = Debug|Any CPU
		{F085EA0D-CEE1-4974-AB5B-F4CA0E77172B}.Release|Any CPU.ActiveCfg = Release|Any CPU
		{F085EA0D-CEE1-4974-AB5B-F4CA0E77172B}.Release|Any CPU.Build.0 = Release|Any CPU
		{1F128CFE-7250-496D-8538-B1D16D0EEC11}.Debug|Any CPU.ActiveCfg = Debug|Any CPU
		{1F128CFE-7250-496D-8538-B1D16D0EEC11}.Debug|Any CPU.Build.0 = Debug|Any CPU
		{1F128CFE-7250-496D-8538-B1D16D0EEC11}.Release|Any CPU.ActiveCfg = Release|Any CPU
		{1F128CFE-7250-496D-8538-B1D16D0EEC11}.Release|Any CPU.Build.0 = Release|Any CPU
	EndGlobalSection
	GlobalSection(SolutionProperties) = preSolution
		HideSolutionNode = FALSE
	EndGlobalSection
	GlobalSection(ExtensibilityGlobals) = postSolution
		SolutionGuid = {86D3F6E2-1C19-415C-BB0D-BCD9EF8104C9}
	EndGlobalSection
EndGlobal
